// !$*UTF8*$!
{
	archiveVersion = 1;
	classes = {
	};
	objectVersion = 56;
	objects = {

/* Begin PBXBuildFile section */
		910DD47F2C0C3B9200D57949 /* AppDelegate.swift in Sources */ = {isa = PBXBuildFile; fileRef = 910DD47E2C0C3B9200D57949 /* AppDelegate.swift */; };
		910DD4812C0C3B9200D57949 /* SceneDelegate.swift in Sources */ = {isa = PBXBuildFile; fileRef = 910DD4802C0C3B9200D57949 /* SceneDelegate.swift */; };
		910DD4832C0C3B9200D57949 /* ImagesListViewController.swift in Sources */ = {isa = PBXBuildFile; fileRef = 910DD4822C0C3B9200D57949 /* ImagesListViewController.swift */; };
		910DD4862C0C3B9200D57949 /* Base in Resources */ = {isa = PBXBuildFile; fileRef = 910DD4852C0C3B9200D57949 /* Base */; };
		910DD4882C0C3B9300D57949 /* Assets.xcassets in Resources */ = {isa = PBXBuildFile; fileRef = 910DD4872C0C3B9300D57949 /* Assets.xcassets */; };
		910DD48B2C0C3B9300D57949 /* Base in Resources */ = {isa = PBXBuildFile; fileRef = 910DD48A2C0C3B9300D57949 /* Base */; };
		910DD4B32C0DAC2000D57949 /* ImagesListCell.swift in Sources */ = {isa = PBXBuildFile; fileRef = 910DD4B22C0DAC2000D57949 /* ImagesListCell.swift */; };
		910DD4B62C0EDC4900D57949 /* GradientView.swift in Sources */ = {isa = PBXBuildFile; fileRef = 910DD4B52C0EDC4900D57949 /* GradientView.swift */; };
		9117F00B2C1AB16F0004D035 /* ProfileViewController.swift in Sources */ = {isa = PBXBuildFile; fileRef = 9117F00A2C1AB16F0004D035 /* ProfileViewController.swift */; };
		9131B97F2C2D332B00C8F344 /* Constants.swift in Sources */ = {isa = PBXBuildFile; fileRef = 9131B97E2C2D332B00C8F344 /* Constants.swift */; };
		9131B9822C2E83BD00C8F344 /* AuthViewController.swift in Sources */ = {isa = PBXBuildFile; fileRef = 9131B9812C2E83BD00C8F344 /* AuthViewController.swift */; };
		9131B9842C2E8D9900C8F344 /* WebViewViewController.swift in Sources */ = {isa = PBXBuildFile; fileRef = 9131B9832C2E8D9900C8F344 /* WebViewViewController.swift */; };
		915749EC2C1ADF2B00E46541 /* SingleImageViewController.swift in Sources */ = {isa = PBXBuildFile; fileRef = 915749EB2C1ADF2B00E46541 /* SingleImageViewController.swift */; };
		915749F22C1C750D00E46541 /* UITableViewCell+Identifire.swift in Sources */ = {isa = PBXBuildFile; fileRef = 915749F12C1C750D00E46541 /* UITableViewCell+Identifire.swift */; };
		916066A52C3C8F2700FBC4EA /* OAuthTokenResponseBody.swift in Sources */ = {isa = PBXBuildFile; fileRef = 916066A42C3C8F2700FBC4EA /* OAuthTokenResponseBody.swift */; };
		916066A72C3C914400FBC4EA /* OAuth2TokenStorage.swift in Sources */ = {isa = PBXBuildFile; fileRef = 916066A62C3C914400FBC4EA /* OAuth2TokenStorage.swift */; };
		91E7F0522C3E640100D9515B /* HTTP.swift in Sources */ = {isa = PBXBuildFile; fileRef = 91E7F0512C3E640100D9515B /* HTTP.swift */; };
		91E7F0542C3E642D00D9515B /* Endpoint.swift in Sources */ = {isa = PBXBuildFile; fileRef = 91E7F0532C3E642D00D9515B /* Endpoint.swift */; };
		91E7F0592C3ECC4300D9515B /* SplashViewController.swift in Sources */ = {isa = PBXBuildFile; fileRef = 91E7F0582C3ECC4300D9515B /* SplashViewController.swift */; };
		91E7F05C2C3FA8B300D9515B /* OAuth2Service.swift in Sources */ = {isa = PBXBuildFile; fileRef = 91E7F05B2C3FA8B300D9515B /* OAuth2Service.swift */; };
		91E7F05F2C3FAA5000D9515B /* NetworkClient.swift in Sources */ = {isa = PBXBuildFile; fileRef = 91E7F05E2C3FAA5000D9515B /* NetworkClient.swift */; };
/* End PBXBuildFile section */

/* Begin PBXFileReference section */
		910DD47B2C0C3B9200D57949 /* ImageFeed.app */ = {isa = PBXFileReference; explicitFileType = wrapper.application; includeInIndex = 0; path = ImageFeed.app; sourceTree = BUILT_PRODUCTS_DIR; };
		910DD47E2C0C3B9200D57949 /* AppDelegate.swift */ = {isa = PBXFileReference; lastKnownFileType = sourcecode.swift; path = AppDelegate.swift; sourceTree = "<group>"; };
		910DD4802C0C3B9200D57949 /* SceneDelegate.swift */ = {isa = PBXFileReference; lastKnownFileType = sourcecode.swift; path = SceneDelegate.swift; sourceTree = "<group>"; };
		910DD4822C0C3B9200D57949 /* ImagesListViewController.swift */ = {isa = PBXFileReference; lastKnownFileType = sourcecode.swift; path = ImagesListViewController.swift; sourceTree = "<group>"; };
		910DD4852C0C3B9200D57949 /* Base */ = {isa = PBXFileReference; lastKnownFileType = file.storyboard; name = Base; path = Base.lproj/Main.storyboard; sourceTree = "<group>"; };
		910DD4872C0C3B9300D57949 /* Assets.xcassets */ = {isa = PBXFileReference; lastKnownFileType = folder.assetcatalog; path = Assets.xcassets; sourceTree = "<group>"; };
		910DD48A2C0C3B9300D57949 /* Base */ = {isa = PBXFileReference; lastKnownFileType = file.storyboard; name = Base; path = Base.lproj/LaunchScreen.storyboard; sourceTree = "<group>"; };
		910DD48C2C0C3B9300D57949 /* Info.plist */ = {isa = PBXFileReference; lastKnownFileType = text.plist.xml; path = Info.plist; sourceTree = "<group>"; };
		910DD4B22C0DAC2000D57949 /* ImagesListCell.swift */ = {isa = PBXFileReference; lastKnownFileType = sourcecode.swift; path = ImagesListCell.swift; sourceTree = "<group>"; };
		910DD4B52C0EDC4900D57949 /* GradientView.swift */ = {isa = PBXFileReference; lastKnownFileType = sourcecode.swift; path = GradientView.swift; sourceTree = "<group>"; };
		910DD4D42C10418B00D57949 /* README.md */ = {isa = PBXFileReference; lastKnownFileType = net.daringfireball.markdown; path = README.md; sourceTree = "<group>"; };
		9117F00A2C1AB16F0004D035 /* ProfileViewController.swift */ = {isa = PBXFileReference; lastKnownFileType = sourcecode.swift; path = ProfileViewController.swift; sourceTree = "<group>"; };
		9131B97E2C2D332B00C8F344 /* Constants.swift */ = {isa = PBXFileReference; lastKnownFileType = sourcecode.swift; path = Constants.swift; sourceTree = "<group>"; };
		9131B9812C2E83BD00C8F344 /* AuthViewController.swift */ = {isa = PBXFileReference; lastKnownFileType = sourcecode.swift; path = AuthViewController.swift; sourceTree = "<group>"; };
		9131B9832C2E8D9900C8F344 /* WebViewViewController.swift */ = {isa = PBXFileReference; lastKnownFileType = sourcecode.swift; path = WebViewViewController.swift; sourceTree = "<group>"; };
		915749EB2C1ADF2B00E46541 /* SingleImageViewController.swift */ = {isa = PBXFileReference; lastKnownFileType = sourcecode.swift; path = SingleImageViewController.swift; sourceTree = "<group>"; };
		915749F12C1C750D00E46541 /* UITableViewCell+Identifire.swift */ = {isa = PBXFileReference; lastKnownFileType = sourcecode.swift; path = "UITableViewCell+Identifire.swift"; sourceTree = "<group>"; };
		916066A42C3C8F2700FBC4EA /* OAuthTokenResponseBody.swift */ = {isa = PBXFileReference; lastKnownFileType = sourcecode.swift; path = OAuthTokenResponseBody.swift; sourceTree = "<group>"; };
		916066A62C3C914400FBC4EA /* OAuth2TokenStorage.swift */ = {isa = PBXFileReference; lastKnownFileType = sourcecode.swift; path = OAuth2TokenStorage.swift; sourceTree = "<group>"; };
		91E7F0512C3E640100D9515B /* HTTP.swift */ = {isa = PBXFileReference; lastKnownFileType = sourcecode.swift; path = HTTP.swift; sourceTree = "<group>"; };
		91E7F0532C3E642D00D9515B /* Endpoint.swift */ = {isa = PBXFileReference; lastKnownFileType = sourcecode.swift; path = Endpoint.swift; sourceTree = "<group>"; };
		91E7F0582C3ECC4300D9515B /* SplashViewController.swift */ = {isa = PBXFileReference; lastKnownFileType = sourcecode.swift; path = SplashViewController.swift; sourceTree = "<group>"; };
		91E7F05B2C3FA8B300D9515B /* OAuth2Service.swift */ = {isa = PBXFileReference; lastKnownFileType = sourcecode.swift; path = OAuth2Service.swift; sourceTree = "<group>"; };
		91E7F05E2C3FAA5000D9515B /* NetworkClient.swift */ = {isa = PBXFileReference; lastKnownFileType = sourcecode.swift; path = NetworkClient.swift; sourceTree = "<group>"; };
/* End PBXFileReference section */

/* Begin PBXFrameworksBuildPhase section */
		910DD4782C0C3B9200D57949 /* Frameworks */ = {
			isa = PBXFrameworksBuildPhase;
			buildActionMask = 2147483647;
			files = (
			);
			runOnlyForDeploymentPostprocessing = 0;
		};
/* End PBXFrameworksBuildPhase section */

/* Begin PBXGroup section */
		910DD4722C0C3B9200D57949 = {
			isa = PBXGroup;
			children = (
				910DD4D42C10418B00D57949 /* README.md */,
				910DD47D2C0C3B9200D57949 /* ImageFeed */,
				910DD47C2C0C3B9200D57949 /* Products */,
			);
			sourceTree = "<group>";
		};
		910DD47C2C0C3B9200D57949 /* Products */ = {
			isa = PBXGroup;
			children = (
				910DD47B2C0C3B9200D57949 /* ImageFeed.app */,
			);
			name = Products;
			sourceTree = "<group>";
		};
		910DD47D2C0C3B9200D57949 /* ImageFeed */ = {
			isa = PBXGroup;
			children = (
				910DD47E2C0C3B9200D57949 /* AppDelegate.swift */,
				910DD4802C0C3B9200D57949 /* SceneDelegate.swift */,
				9131B97E2C2D332B00C8F344 /* Constants.swift */,
				91E7F0572C3ECC1200D9515B /* SplashScreen */,
				9131B9802C2E839C00C8F344 /* Auth */,
				910DD4B42C0DAC5000D57949 /* ImagesList */,
				917636052C20661200965E95 /* SingleImage */,
				915749EA2C1ACB4C00E46541 /* Profile */,
				91CE9BF42C3AB3FE004C61CD /* Models */,
				915749F02C1C74E800E46541 /* Helpers */,
				91E7F04B2C3E5A2B00D9515B /* Services */,
				910DD4842C0C3B9200D57949 /* Main.storyboard */,
				910DD4872C0C3B9300D57949 /* Assets.xcassets */,
				910DD4892C0C3B9300D57949 /* LaunchScreen.storyboard */,
				910DD48C2C0C3B9300D57949 /* Info.plist */,
			);
			path = ImageFeed;
			sourceTree = "<group>";
		};
		910DD4B42C0DAC5000D57949 /* ImagesList */ = {
			isa = PBXGroup;
			children = (
				910DD4822C0C3B9200D57949 /* ImagesListViewController.swift */,
				910DD4B22C0DAC2000D57949 /* ImagesListCell.swift */,
			);
			path = ImagesList;
			sourceTree = "<group>";
		};
		9131B9802C2E839C00C8F344 /* Auth */ = {
			isa = PBXGroup;
			children = (
				9131B9812C2E83BD00C8F344 /* AuthViewController.swift */,
				9131B9832C2E8D9900C8F344 /* WebViewViewController.swift */,
			);
			path = Auth;
			sourceTree = "<group>";
		};
		915749EA2C1ACB4C00E46541 /* Profile */ = {
			isa = PBXGroup;
			children = (
				9117F00A2C1AB16F0004D035 /* ProfileViewController.swift */,
			);
			path = Profile;
			sourceTree = "<group>";
		};
		915749F02C1C74E800E46541 /* Helpers */ = {
			isa = PBXGroup;
			children = (
				910DD4B52C0EDC4900D57949 /* GradientView.swift */,
				915749F12C1C750D00E46541 /* UITableViewCell+Identifire.swift */,
			);
			path = Helpers;
			sourceTree = "<group>";
		};
		917636052C20661200965E95 /* SingleImage */ = {
			isa = PBXGroup;
			children = (
				915749EB2C1ADF2B00E46541 /* SingleImageViewController.swift */,
			);
			path = SingleImage;
			sourceTree = "<group>";
		};
		91CE9BF42C3AB3FE004C61CD /* Models */ = {
			isa = PBXGroup;
			children = (
				916066A42C3C8F2700FBC4EA /* OAuthTokenResponseBody.swift */,
			);
			path = Models;
			sourceTree = "<group>";
		};
		91E7F04B2C3E5A2B00D9515B /* Services */ = {
			isa = PBXGroup;
			children = (
				91E7F05D2C3FAA0A00D9515B /* Network */,
				91E7F05A2C3FA5B000D9515B /* Auth */,
			);
			path = Services;
			sourceTree = "<group>";
		};
		91E7F0572C3ECC1200D9515B /* SplashScreen */ = {
			isa = PBXGroup;
			children = (
				91E7F0582C3ECC4300D9515B /* SplashViewController.swift */,
			);
			path = SplashScreen;
			sourceTree = "<group>";
		};
		91E7F05A2C3FA5B000D9515B /* Auth */ = {
			isa = PBXGroup;
			children = (
				916066A62C3C914400FBC4EA /* OAuth2TokenStorage.swift */,
				91E7F05B2C3FA8B300D9515B /* OAuth2Service.swift */,
			);
			path = Auth;
			sourceTree = "<group>";
		};
		91E7F05D2C3FAA0A00D9515B /* Network */ = {
			isa = PBXGroup;
			children = (
				91E7F0512C3E640100D9515B /* HTTP.swift */,
				91E7F0532C3E642D00D9515B /* Endpoint.swift */,
				91E7F05E2C3FAA5000D9515B /* NetworkClient.swift */,
			);
			path = Network;
			sourceTree = "<group>";
		};
/* End PBXGroup section */

/* Begin PBXNativeTarget section */
		910DD47A2C0C3B9200D57949 /* ImageFeed */ = {
			isa = PBXNativeTarget;
			buildConfigurationList = 910DD48F2C0C3B9300D57949 /* Build configuration list for PBXNativeTarget "ImageFeed" */;
			buildPhases = (
				910DD4772C0C3B9200D57949 /* Sources */,
				910DD4782C0C3B9200D57949 /* Frameworks */,
				910DD4792C0C3B9200D57949 /* Resources */,
			);
			buildRules = (
			);
			dependencies = (
			);
			name = ImageFeed;
			productName = ImageFeed;
			productReference = 910DD47B2C0C3B9200D57949 /* ImageFeed.app */;
			productType = "com.apple.product-type.application";
		};
/* End PBXNativeTarget section */

/* Begin PBXProject section */
		910DD4732C0C3B9200D57949 /* Project object */ = {
			isa = PBXProject;
			attributes = {
				BuildIndependentTargetsInParallel = 1;
				LastSwiftUpdateCheck = 1540;
				LastUpgradeCheck = 1540;
				TargetAttributes = {
					910DD47A2C0C3B9200D57949 = {
						CreatedOnToolsVersion = 15.4;
					};
				};
			};
			buildConfigurationList = 910DD4762C0C3B9200D57949 /* Build configuration list for PBXProject "ImageFeed" */;
			compatibilityVersion = "Xcode 14.0";
			developmentRegion = en;
			hasScannedForEncodings = 0;
			knownRegions = (
				en,
				Base,
			);
			mainGroup = 910DD4722C0C3B9200D57949;
			productRefGroup = 910DD47C2C0C3B9200D57949 /* Products */;
			projectDirPath = "";
			projectRoot = "";
			targets = (
				910DD47A2C0C3B9200D57949 /* ImageFeed */,
			);
		};
/* End PBXProject section */

/* Begin PBXResourcesBuildPhase section */
		910DD4792C0C3B9200D57949 /* Resources */ = {
			isa = PBXResourcesBuildPhase;
			buildActionMask = 2147483647;
			files = (
				910DD4882C0C3B9300D57949 /* Assets.xcassets in Resources */,
				910DD48B2C0C3B9300D57949 /* Base in Resources */,
				910DD4862C0C3B9200D57949 /* Base in Resources */,
			);
			runOnlyForDeploymentPostprocessing = 0;
		};
/* End PBXResourcesBuildPhase section */

/* Begin PBXSourcesBuildPhase section */
		910DD4772C0C3B9200D57949 /* Sources */ = {
			isa = PBXSourcesBuildPhase;
			buildActionMask = 2147483647;
			files = (
				91E7F05F2C3FAA5000D9515B /* NetworkClient.swift in Sources */,
				9117F00B2C1AB16F0004D035 /* ProfileViewController.swift in Sources */,
				9131B9842C2E8D9900C8F344 /* WebViewViewController.swift in Sources */,
				91E7F05C2C3FA8B300D9515B /* OAuth2Service.swift in Sources */,
				910DD4832C0C3B9200D57949 /* ImagesListViewController.swift in Sources */,
				9131B9822C2E83BD00C8F344 /* AuthViewController.swift in Sources */,
				910DD4B32C0DAC2000D57949 /* ImagesListCell.swift in Sources */,
				915749EC2C1ADF2B00E46541 /* SingleImageViewController.swift in Sources */,
				915749F22C1C750D00E46541 /* UITableViewCell+Identifire.swift in Sources */,
				91E7F0522C3E640100D9515B /* HTTP.swift in Sources */,
				910DD4B62C0EDC4900D57949 /* GradientView.swift in Sources */,
				910DD47F2C0C3B9200D57949 /* AppDelegate.swift in Sources */,
				91E7F0542C3E642D00D9515B /* Endpoint.swift in Sources */,
				916066A72C3C914400FBC4EA /* OAuth2TokenStorage.swift in Sources */,
				910DD4812C0C3B9200D57949 /* SceneDelegate.swift in Sources */,
				9131B97F2C2D332B00C8F344 /* Constants.swift in Sources */,
				916066A52C3C8F2700FBC4EA /* OAuthTokenResponseBody.swift in Sources */,
				91E7F0592C3ECC4300D9515B /* SplashViewController.swift in Sources */,
			);
			runOnlyForDeploymentPostprocessing = 0;
		};
/* End PBXSourcesBuildPhase section */

/* Begin PBXVariantGroup section */
		910DD4842C0C3B9200D57949 /* Main.storyboard */ = {
			isa = PBXVariantGroup;
			children = (
				910DD4852C0C3B9200D57949 /* Base */,
			);
			name = Main.storyboard;
			sourceTree = "<group>";
		};
		910DD4892C0C3B9300D57949 /* LaunchScreen.storyboard */ = {
			isa = PBXVariantGroup;
			children = (
				910DD48A2C0C3B9300D57949 /* Base */,
			);
			name = LaunchScreen.storyboard;
			sourceTree = "<group>";
		};
/* End PBXVariantGroup section */

/* Begin XCBuildConfiguration section */
		910DD48D2C0C3B9300D57949 /* Debug */ = {
			isa = XCBuildConfiguration;
			buildSettings = {
				ALWAYS_SEARCH_USER_PATHS = NO;
				ASSETCATALOG_COMPILER_GENERATE_SWIFT_ASSET_SYMBOL_EXTENSIONS = YES;
				CLANG_ANALYZER_NONNULL = YES;
				CLANG_ANALYZER_NUMBER_OBJECT_CONVERSION = YES_AGGRESSIVE;
				CLANG_CXX_LANGUAGE_STANDARD = "gnu++20";
				CLANG_ENABLE_MODULES = YES;
				CLANG_ENABLE_OBJC_ARC = YES;
				CLANG_ENABLE_OBJC_WEAK = YES;
				CLANG_WARN_BLOCK_CAPTURE_AUTORELEASING = YES;
				CLANG_WARN_BOOL_CONVERSION = YES;
				CLANG_WARN_COMMA = YES;
				CLANG_WARN_CONSTANT_CONVERSION = YES;
				CLANG_WARN_DEPRECATED_OBJC_IMPLEMENTATIONS = YES;
				CLANG_WARN_DIRECT_OBJC_ISA_USAGE = YES_ERROR;
				CLANG_WARN_DOCUMENTATION_COMMENTS = YES;
				CLANG_WARN_EMPTY_BODY = YES;
				CLANG_WARN_ENUM_CONVERSION = YES;
				CLANG_WARN_INFINITE_RECURSION = YES;
				CLANG_WARN_INT_CONVERSION = YES;
				CLANG_WARN_NON_LITERAL_NULL_CONVERSION = YES;
				CLANG_WARN_OBJC_IMPLICIT_RETAIN_SELF = YES;
				CLANG_WARN_OBJC_LITERAL_CONVERSION = YES;
				CLANG_WARN_OBJC_ROOT_CLASS = YES_ERROR;
				CLANG_WARN_QUOTED_INCLUDE_IN_FRAMEWORK_HEADER = YES;
				CLANG_WARN_RANGE_LOOP_ANALYSIS = YES;
				CLANG_WARN_STRICT_PROTOTYPES = YES;
				CLANG_WARN_SUSPICIOUS_MOVE = YES;
				CLANG_WARN_UNGUARDED_AVAILABILITY = YES_AGGRESSIVE;
				CLANG_WARN_UNREACHABLE_CODE = YES;
				CLANG_WARN__DUPLICATE_METHOD_MATCH = YES;
				COPY_PHASE_STRIP = NO;
				DEBUG_INFORMATION_FORMAT = dwarf;
				ENABLE_STRICT_OBJC_MSGSEND = YES;
				ENABLE_TESTABILITY = YES;
				ENABLE_USER_SCRIPT_SANDBOXING = YES;
				GCC_C_LANGUAGE_STANDARD = gnu17;
				GCC_DYNAMIC_NO_PIC = NO;
				GCC_NO_COMMON_BLOCKS = YES;
				GCC_OPTIMIZATION_LEVEL = 0;
				GCC_PREPROCESSOR_DEFINITIONS = (
					"DEBUG=1",
					"$(inherited)",
				);
				GCC_WARN_64_TO_32_BIT_CONVERSION = YES;
				GCC_WARN_ABOUT_RETURN_TYPE = YES_ERROR;
				GCC_WARN_UNDECLARED_SELECTOR = YES;
				GCC_WARN_UNINITIALIZED_AUTOS = YES_AGGRESSIVE;
				GCC_WARN_UNUSED_FUNCTION = YES;
				GCC_WARN_UNUSED_VARIABLE = YES;
				IPHONEOS_DEPLOYMENT_TARGET = 17.5;
				LOCALIZATION_PREFERS_STRING_CATALOGS = YES;
				MTL_ENABLE_DEBUG_INFO = INCLUDE_SOURCE;
				MTL_FAST_MATH = YES;
				ONLY_ACTIVE_ARCH = YES;
				SDKROOT = iphoneos;
				SWIFT_ACTIVE_COMPILATION_CONDITIONS = "DEBUG $(inherited)";
				SWIFT_OPTIMIZATION_LEVEL = "-Onone";
			};
			name = Debug;
		};
		910DD48E2C0C3B9300D57949 /* Release */ = {
			isa = XCBuildConfiguration;
			buildSettings = {
				ALWAYS_SEARCH_USER_PATHS = NO;
				ASSETCATALOG_COMPILER_GENERATE_SWIFT_ASSET_SYMBOL_EXTENSIONS = YES;
				CLANG_ANALYZER_NONNULL = YES;
				CLANG_ANALYZER_NUMBER_OBJECT_CONVERSION = YES_AGGRESSIVE;
				CLANG_CXX_LANGUAGE_STANDARD = "gnu++20";
				CLANG_ENABLE_MODULES = YES;
				CLANG_ENABLE_OBJC_ARC = YES;
				CLANG_ENABLE_OBJC_WEAK = YES;
				CLANG_WARN_BLOCK_CAPTURE_AUTORELEASING = YES;
				CLANG_WARN_BOOL_CONVERSION = YES;
				CLANG_WARN_COMMA = YES;
				CLANG_WARN_CONSTANT_CONVERSION = YES;
				CLANG_WARN_DEPRECATED_OBJC_IMPLEMENTATIONS = YES;
				CLANG_WARN_DIRECT_OBJC_ISA_USAGE = YES_ERROR;
				CLANG_WARN_DOCUMENTATION_COMMENTS = YES;
				CLANG_WARN_EMPTY_BODY = YES;
				CLANG_WARN_ENUM_CONVERSION = YES;
				CLANG_WARN_INFINITE_RECURSION = YES;
				CLANG_WARN_INT_CONVERSION = YES;
				CLANG_WARN_NON_LITERAL_NULL_CONVERSION = YES;
				CLANG_WARN_OBJC_IMPLICIT_RETAIN_SELF = YES;
				CLANG_WARN_OBJC_LITERAL_CONVERSION = YES;
				CLANG_WARN_OBJC_ROOT_CLASS = YES_ERROR;
				CLANG_WARN_QUOTED_INCLUDE_IN_FRAMEWORK_HEADER = YES;
				CLANG_WARN_RANGE_LOOP_ANALYSIS = YES;
				CLANG_WARN_STRICT_PROTOTYPES = YES;
				CLANG_WARN_SUSPICIOUS_MOVE = YES;
				CLANG_WARN_UNGUARDED_AVAILABILITY = YES_AGGRESSIVE;
				CLANG_WARN_UNREACHABLE_CODE = YES;
				CLANG_WARN__DUPLICATE_METHOD_MATCH = YES;
				COPY_PHASE_STRIP = NO;
				DEBUG_INFORMATION_FORMAT = "dwarf-with-dsym";
				ENABLE_NS_ASSERTIONS = NO;
				ENABLE_STRICT_OBJC_MSGSEND = YES;
				ENABLE_USER_SCRIPT_SANDBOXING = YES;
				GCC_C_LANGUAGE_STANDARD = gnu17;
				GCC_NO_COMMON_BLOCKS = YES;
				GCC_WARN_64_TO_32_BIT_CONVERSION = YES;
				GCC_WARN_ABOUT_RETURN_TYPE = YES_ERROR;
				GCC_WARN_UNDECLARED_SELECTOR = YES;
				GCC_WARN_UNINITIALIZED_AUTOS = YES_AGGRESSIVE;
				GCC_WARN_UNUSED_FUNCTION = YES;
				GCC_WARN_UNUSED_VARIABLE = YES;
				IPHONEOS_DEPLOYMENT_TARGET = 17.5;
				LOCALIZATION_PREFERS_STRING_CATALOGS = YES;
				MTL_ENABLE_DEBUG_INFO = NO;
				MTL_FAST_MATH = YES;
				SDKROOT = iphoneos;
				SWIFT_COMPILATION_MODE = wholemodule;
				VALIDATE_PRODUCT = YES;
			};
			name = Release;
		};
		910DD4902C0C3B9300D57949 /* Debug */ = {
			isa = XCBuildConfiguration;
			buildSettings = {
				ASSETCATALOG_COMPILER_APPICON_NAME = AppIcon;
				ASSETCATALOG_COMPILER_GLOBAL_ACCENT_COLOR_NAME = AccentColor;
				CODE_SIGN_IDENTITY = "Apple Development";
				CODE_SIGN_STYLE = Automatic;
				CURRENT_PROJECT_VERSION = 1;
				DEVELOPMENT_TEAM = UZVJKNB3WY;
				ENABLE_APP_SANDBOX = NO;
				ENABLE_USER_SCRIPT_SANDBOXING = YES;
				GENERATE_INFOPLIST_FILE = YES;
				INFOPLIST_FILE = ImageFeed/Info.plist;
				INFOPLIST_KEY_UIApplicationSupportsIndirectInputEvents = YES;
				INFOPLIST_KEY_UILaunchStoryboardName = LaunchScreen;
				INFOPLIST_KEY_UIMainStoryboardFile = Main;
				INFOPLIST_KEY_UISupportedInterfaceOrientations = UIInterfaceOrientationPortrait;
				INFOPLIST_KEY_UISupportedInterfaceOrientations_iPad = "UIInterfaceOrientationLandscapeLeft UIInterfaceOrientationLandscapeRight UIInterfaceOrientationPortrait UIInterfaceOrientationPortraitUpsideDown";
				IPHONEOS_DEPLOYMENT_TARGET = 13.0;
				LD_RUNPATH_SEARCH_PATHS = (
					"$(inherited)",
					"@executable_path/Frameworks",
				);
				MARKETING_VERSION = 1.0;
				PRODUCT_BUNDLE_IDENTIFIER = ru.nikolaidev.ImageFeed;
				PRODUCT_NAME = "$(TARGET_NAME)";
				PROVISIONING_PROFILE_SPECIFIER = "";
				SUPPORTED_PLATFORMS = "iphoneos iphonesimulator";
				SUPPORTS_MACCATALYST = NO;
				SWIFT_EMIT_LOC_STRINGS = YES;
				SWIFT_VERSION = 5.0;
				TARGETED_DEVICE_FAMILY = 1;
			};
			name = Debug;
		};
		910DD4912C0C3B9300D57949 /* Release */ = {
			isa = XCBuildConfiguration;
			buildSettings = {
				ASSETCATALOG_COMPILER_APPICON_NAME = AppIcon;
				ASSETCATALOG_COMPILER_GLOBAL_ACCENT_COLOR_NAME = AccentColor;
				CODE_SIGN_IDENTITY = "Apple Development";
				CODE_SIGN_STYLE = Automatic;
				CURRENT_PROJECT_VERSION = 1;
				DEVELOPMENT_TEAM = UZVJKNB3WY;
				ENABLE_APP_SANDBOX = NO;
				ENABLE_USER_SCRIPT_SANDBOXING = YES;
				GENERATE_INFOPLIST_FILE = YES;
				INFOPLIST_FILE = ImageFeed/Info.plist;
				INFOPLIST_KEY_UIApplicationSupportsIndirectInputEvents = YES;
				INFOPLIST_KEY_UILaunchStoryboardName = LaunchScreen;
				INFOPLIST_KEY_UIMainStoryboardFile = Main;
				INFOPLIST_KEY_UISupportedInterfaceOrientations = UIInterfaceOrientationPortrait;
				INFOPLIST_KEY_UISupportedInterfaceOrientations_iPad = "UIInterfaceOrientationLandscapeLeft UIInterfaceOrientationLandscapeRight UIInterfaceOrientationPortrait UIInterfaceOrientationPortraitUpsideDown";
				IPHONEOS_DEPLOYMENT_TARGET = 13.0;
				LD_RUNPATH_SEARCH_PATHS = (
					"$(inherited)",
					"@executable_path/Frameworks",
				);
				MARKETING_VERSION = 1.0;
				PRODUCT_BUNDLE_IDENTIFIER = ru.nikolaidev.ImageFeed;
				PRODUCT_NAME = "$(TARGET_NAME)";
				PROVISIONING_PROFILE_SPECIFIER = "";
				SUPPORTED_PLATFORMS = "iphoneos iphonesimulator";
				SUPPORTS_MACCATALYST = NO;
				SWIFT_EMIT_LOC_STRINGS = YES;
				SWIFT_VERSION = 5.0;
				TARGETED_DEVICE_FAMILY = 1;
			};
			name = Release;
		};
/* End XCBuildConfiguration section */

/* Begin XCConfigurationList section */
		910DD4762C0C3B9200D57949 /* Build configuration list for PBXProject "ImageFeed" */ = {
			isa = XCConfigurationList;
			buildConfigurations = (
				910DD48D2C0C3B9300D57949 /* Debug */,
				910DD48E2C0C3B9300D57949 /* Release */,
			);
			defaultConfigurationIsVisible = 0;
			defaultConfigurationName = Release;
		};
		910DD48F2C0C3B9300D57949 /* Build configuration list for PBXNativeTarget "ImageFeed" */ = {
			isa = XCConfigurationList;
			buildConfigurations = (
				910DD4902C0C3B9300D57949 /* Debug */,
				910DD4912C0C3B9300D57949 /* Release */,
			);
			defaultConfigurationIsVisible = 0;
			defaultConfigurationName = Release;
		};
/* End XCConfigurationList section */
	};
	rootObject = 910DD4732C0C3B9200D57949 /* Project object */;
}
